
Microsoft Visual Studio Solution File, Format Version 12.00
# Visual Studio Version 17
VisualStudioVersion = 17.0.31903.59
MinimumVisualStudioVersion = 10.0.40219.1
Project("{FAE04EC0-301F-11D3-BF4B-00C04F79EFBC}") = "BigRedProf.Stories", "Stories\BigRedProf.Stories.csproj", "{F92AE72A-A810-4475-AE02-F02F7BBD921D}"
EndProject
Project("{FAE04EC0-301F-11D3-BF4B-00C04F79EFBC}") = "BigRedProf.Stories.Api", "Api\BigRedProf.Stories.Api.csproj", "{8786FAFB-B7D8-4760-8158-D038E1389F12}"
EndProject
Project("{FAE04EC0-301F-11D3-BF4B-00C04F79EFBC}") = "BigRedProf.Stories.StoriesCli", "StoriesCli\BigRedProf.Stories.StoriesCli.csproj", "{F1D24EB2-0159-4715-B1DD-32F75129A15B}"
EndProject
Project("{FAE04EC0-301F-11D3-BF4B-00C04F79EFBC}") = "BigRedProf.Stories.Logging", "Logging\BigRedProf.Stories.Logging.csproj", "{43F9C3DB-D3F8-48FA-A5A4-CB8A339F8F32}"
EndProject
Project("{FAE04EC0-301F-11D3-BF4B-00C04F79EFBC}") = "BigRedProf.Stories.Models", "models\BigRedProf.Stories.Models.csproj", "{F4A0093F-D4B0-4473-9ECC-FF3B6E72B718}"
EndProject
Global
	GlobalSection(SolutionConfigurationPlatforms) = preSolution
		Debug|Any CPU = Debug|Any CPU
		Release|Any CPU = Release|Any CPU
	EndGlobalSection
	GlobalSection(SolutionProperties) = preSolution
		HideSolutionNode = FALSE
	EndGlobalSection
	GlobalSection(ProjectConfigurationPlatforms) = postSolution
		{F92AE72A-A810-4475-AE02-F02F7BBD921D}.Debug|Any CPU.ActiveCfg = Debug|Any CPU
		{F92AE72A-A810-4475-AE02-F02F7BBD921D}.Debug|Any CPU.Build.0 = Debug|Any CPU
		{F92AE72A-A810-4475-AE02-F02F7BBD921D}.Release|Any CPU.ActiveCfg = Release|Any CPU
		{F92AE72A-A810-4475-AE02-F02F7BBD921D}.Release|Any CPU.Build.0 = Release|Any CPU
		{8786FAFB-B7D8-4760-8158-D038E1389F12}.Debug|Any CPU.ActiveCfg = Debug|Any CPU
		{8786FAFB-B7D8-4760-8158-D038E1389F12}.Debug|Any CPU.Build.0 = Debug|Any CPU
		{8786FAFB-B7D8-4760-8158-D038E1389F12}.Release|Any CPU.ActiveCfg = Release|Any CPU
		{8786FAFB-B7D8-4760-8158-D038E1389F12}.Release|Any CPU.Build.0 = Release|Any CPU
		{F1D24EB2-0159-4715-B1DD-32F75129A15B}.Debug|Any CPU.ActiveCfg = Debug|Any CPU
		{F1D24EB2-0159-4715-B1DD-32F75129A15B}.Debug|Any CPU.Build.0 = Debug|Any CPU
		{F1D24EB2-0159-4715-B1DD-32F75129A15B}.Release|Any CPU.ActiveCfg = Release|Any CPU
		{F1D24EB2-0159-4715-B1DD-32F75129A15B}.Release|Any CPU.Build.0 = Release|Any CPU
		{43F9C3DB-D3F8-48FA-A5A4-CB8A339F8F32}.Debug|Any CPU.ActiveCfg = Debug|Any CPU
		{43F9C3DB-D3F8-48FA-A5A4-CB8A339F8F32}.Debug|Any CPU.Build.0 = Debug|Any CPU
		{43F9C3DB-D3F8-48FA-A5A4-CB8A339F8F32}.Release|Any CPU.ActiveCfg = Release|Any CPU
		{43F9C3DB-D3F8-48FA-A5A4-CB8A339F8F32}.Release|Any CPU.Build.0 = Release|Any CPU
		{F4A0093F-D4B0-4473-9ECC-FF3B6E72B718}.Debug|Any CPU.ActiveCfg = Debug|Any CPU
		{F4A0093F-D4B0-4473-9ECC-FF3B6E72B718}.Debug|Any CPU.Build.0 = Debug|Any CPU
		{F4A0093F-D4B0-4473-9ECC-FF3B6E72B718}.Release|Any CPU.ActiveCfg = Release|Any CPU
		{F4A0093F-D4B0-4473-9ECC-FF3B6E72B718}.Release|Any CPU.Build.0 = Release|Any CPU
	EndGlobalSection
EndGlobal
